// !$*UTF8*$!
{
	archiveVersion = 1;
	classes = {
	};
	objectVersion = 46;
	objects = {

/* Begin PBXBuildFile section */
		AC73FEE51B9AB9B100FABBFA /* AppDelegate.swift in Sources */ = {isa = PBXBuildFile; fileRef = AC73FEE41B9AB9B100FABBFA /* AppDelegate.swift */; };
		AC73FEEA1B9AB9B100FABBFA /* Main.storyboard in Resources */ = {isa = PBXBuildFile; fileRef = AC73FEE81B9AB9B100FABBFA /* Main.storyboard */; };
		AC73FEEC1B9AB9B100FABBFA /* Assets.xcassets in Resources */ = {isa = PBXBuildFile; fileRef = AC73FEEB1B9AB9B100FABBFA /* Assets.xcassets */; };
		AC73FEEF1B9AB9B100FABBFA /* LaunchScreen.storyboard in Resources */ = {isa = PBXBuildFile; fileRef = AC73FEED1B9AB9B100FABBFA /* LaunchScreen.storyboard */; };
		AC73FEF71B9ABBE100FABBFA /* FriendListViewController.swift in Sources */ = {isa = PBXBuildFile; fileRef = AC73FEF61B9ABBE100FABBFA /* FriendListViewController.swift */; };
		AC73FEF91B9AC2EE00FABBFA /* FriendDetailViewController.swift in Sources */ = {isa = PBXBuildFile; fileRef = AC73FEF81B9AC2EE00FABBFA /* FriendDetailViewController.swift */; };
/* End PBXBuildFile section */

/* Begin PBXFileReference section */
		AC73FEE11B9AB9B100FABBFA /* Friendbook.app */ = {isa = PBXFileReference; explicitFileType = wrapper.application; includeInIndex = 0; path = Friendbook.app; sourceTree = BUILT_PRODUCTS_DIR; };
		AC73FEE41B9AB9B100FABBFA /* AppDelegate.swift */ = {isa = PBXFileReference; lastKnownFileType = sourcecode.swift; path = AppDelegate.swift; sourceTree = "<group>"; };
		AC73FEE91B9AB9B100FABBFA /* Base */ = {isa = PBXFileReference; lastKnownFileType = file.storyboard; name = Base; path = Base.lproj/Main.storyboard; sourceTree = "<group>"; };
		AC73FEEB1B9AB9B100FABBFA /* Assets.xcassets */ = {isa = PBXFileReference; lastKnownFileType = folder.assetcatalog; path = Assets.xcassets; sourceTree = "<group>"; };
		AC73FEEE1B9AB9B100FABBFA /* Base */ = {isa = PBXFileReference; lastKnownFileType = file.storyboard; name = Base; path = Base.lproj/LaunchScreen.storyboard; sourceTree = "<group>"; };
		AC73FEF01B9AB9B100FABBFA /* Info.plist */ = {isa = PBXFileReference; lastKnownFileType = text.plist.xml; path = Info.plist; sourceTree = "<group>"; };
		AC73FEF61B9ABBE100FABBFA /* FriendListViewController.swift */ = {isa = PBXFileReference; fileEncoding = 4; lastKnownFileType = sourcecode.swift; path = FriendListViewController.swift; sourceTree = "<group>"; };
		AC73FEF81B9AC2EE00FABBFA /* FriendDetailViewController.swift */ = {isa = PBXFileReference; fileEncoding = 4; lastKnownFileType = sourcecode.swift; path = FriendDetailViewController.swift; sourceTree = "<group>"; };
/* End PBXFileReference section */

/* Begin PBXFrameworksBuildPhase section */
		AC73FEDE1B9AB9B100FABBFA /* Frameworks */ = {
			isa = PBXFrameworksBuildPhase;
			buildActionMask = 2147483647;
			files = (
			);
			runOnlyForDeploymentPostprocessing = 0;
		};
/* End PBXFrameworksBuildPhase section */

/* Begin PBXGroup section */
		AC73FED81B9AB9B100FABBFA = {
			isa = PBXGroup;
			children = (
				AC73FEE31B9AB9B100FABBFA /* Friendbook */,
				AC73FEE21B9AB9B100FABBFA /* Products */,
			);
			sourceTree = "<group>";
		};
		AC73FEE21B9AB9B100FABBFA /* Products */ = {
			isa = PBXGroup;
			children = (
				AC73FEE11B9AB9B100FABBFA /* Friendbook.app */,
			);
			name = Products;
			sourceTree = "<group>";
		};
		AC73FEE31B9AB9B100FABBFA /* Friendbook */ = {
			isa = PBXGroup;
			children = (
				AC73FEE41B9AB9B100FABBFA /* AppDelegate.swift */,
				AC73FEF61B9ABBE100FABBFA /* FriendListViewController.swift */,
				AC73FEF81B9AC2EE00FABBFA /* FriendDetailViewController.swift */,
				AC73FEE81B9AB9B100FABBFA /* Main.storyboard */,
				AC73FEEB1B9AB9B100FABBFA /* Assets.xcassets */,
				AC73FEED1B9AB9B100FABBFA /* LaunchScreen.storyboard */,
				AC73FEF01B9AB9B100FABBFA /* Info.plist */,
			);
			path = Friendbook;
			sourceTree = "<group>";
		};
/* End PBXGroup section */

/* Begin PBXNativeTarget section */
		AC73FEE01B9AB9B100FABBFA /* Friendbook */ = {
			isa = PBXNativeTarget;
			buildConfigurationList = AC73FEF31B9AB9B100FABBFA /* Build configuration list for PBXNativeTarget "Friendbook" */;
			buildPhases = (
				AC73FEDD1B9AB9B100FABBFA /* Sources */,
				AC73FEDE1B9AB9B100FABBFA /* Frameworks */,
				AC73FEDF1B9AB9B100FABBFA /* Resources */,
			);
			buildRules = (
			);
			dependencies = (
			);
			name = Friendbook;
			productName = Friendbook;
			productReference = AC73FEE11B9AB9B100FABBFA /* Friendbook.app */;
			productType = "com.apple.product-type.application";
		};
/* End PBXNativeTarget section */

/* Begin PBXProject section */
		AC73FED91B9AB9B100FABBFA /* Project object */ = {
			isa = PBXProject;
			attributes = {
				LastUpgradeCheck = 0700;
				ORGANIZATIONNAME = "Digital Mirko";
				TargetAttributes = {
					AC73FEE01B9AB9B100FABBFA = {
						CreatedOnToolsVersion = 7.0;
					};
				};
			};
			buildConfigurationList = AC73FEDC1B9AB9B100FABBFA /* Build configuration list for PBXProject "Friendbook" */;
			compatibilityVersion = "Xcode 3.2";
			developmentRegion = English;
			hasScannedForEncodings = 0;
			knownRegions = (
				en,
				Base,
			);
			mainGroup = AC73FED81B9AB9B100FABBFA;
			productRefGroup = AC73FEE21B9AB9B100FABBFA /* Products */;
			projectDirPath = "";
			projectRoot = "";
			targets = (
				AC73FEE01B9AB9B100FABBFA /* Friendbook */,
			);
		};
/* End PBXProject section */

/* Begin PBXResourcesBuildPhase section */
		AC73FEDF1B9AB9B100FABBFA /* Resources */ = {
			isa = PBXResourcesBuildPhase;
			buildActionMask = 2147483647;
			files = (
				AC73FEEF1B9AB9B100FABBFA /* LaunchScreen.storyboard in Resources */,
				AC73FEEC1B9AB9B100FABBFA /* Assets.xcassets in Resources */,
				AC73FEEA1B9AB9B100FABBFA /* Main.storyboard in Resources */,
			);
			runOnlyForDeploymentPostprocessing = 0;
		};
/* End PBXResourcesBuildPhase section */

/* Begin PBXSourcesBuildPhase section */
		AC73FEDD1B9AB9B100FABBFA /* Sources */ = {
			isa = PBXSourcesBuildPhase;
			buildActionMask = 2147483647;
			files = (
				AC73FEF71B9ABBE100FABBFA /* FriendListViewController.swift in Sources */,
				AC73FEE51B9AB9B100FABBFA /* AppDelegate.swift in Sources */,
				AC73FEF91B9AC2EE00FABBFA /* FriendDetailViewController.swift in Sources */,
			);
			runOnlyForDeploymentPostprocessing = 0;
		};
/* End PBXSourcesBuildPhase section */

/* Begin PBXVariantGroup section */
		AC73FEE81B9AB9B100FABBFA /* Main.storyboard */ = {
			isa = PBXVariantGroup;
			children = (
				AC73FEE91B9AB9B100FABBFA /* Base */,
			);
			name = Main.storyboard;
			sourceTree = "<group>";
		};
		AC73FEED1B9AB9B100FABBFA /* LaunchScreen.storyboard */ = {
			isa = PBXVariantGroup;
			children = (
				AC73FEEE1B9AB9B100FABBFA /* Base */,
			);
			name = LaunchScreen.storyboard;
			sourceTree = "<group>";
		};
/* End PBXVariantGroup section */

/* Begin XCBuildConfiguration section */
		AC73FEF11B9AB9B100FABBFA /* Debug */ = {
			isa = XCBuildConfiguration;
			buildSettings = {
				ALWAYS_SEARCH_USER_PATHS = NO;
				CLANG_CXX_LANGUAGE_STANDARD = "gnu++0x";
				CLANG_CXX_LIBRARY = "libc++";
				CLANG_ENABLE_MODULES = YES;
				CLANG_ENABLE_OBJC_ARC = YES;
				CLANG_WARN_BOOL_CONVERSION = YES;
				CLANG_WARN_CONSTANT_CONVERSION = YES;
				CLANG_WARN_DIRECT_OBJC_ISA_USAGE = YES_ERROR;
				CLANG_WARN_EMPTY_BODY = YES;
				CLANG_WARN_ENUM_CONVERSION = YES;
				CLANG_WARN_INT_CONVERSION = YES;
				CLANG_WARN_OBJC_ROOT_CLASS = YES_ERROR;
				CLANG_WARN_UNREACHABLE_CODE = YES;
				CLANG_WARN__DUPLICATE_METHOD_MATCH = YES;
				"CODE_SIGN_IDENTITY[sdk=iphoneos*]" = "iPhone Developer";
				COPY_PHASE_STRIP = NO;
				DEBUG_INFORMATION_FORMAT = dwarf;
				ENABLE_STRICT_OBJC_MSGSEND = YES;
				ENABLE_TESTABILITY = YES;
				GCC_C_LANGUAGE_STANDARD = gnu99;
				GCC_DYNAMIC_NO_PIC = NO;
				GCC_NO_COMMON_BLOCKS = YES;
				GCC_OPTIMIZATION_LEVEL = 0;
				GCC_PREPROCESSOR_DEFINITIONS = (
					"DEBUG=1",
					"$(inherited)",
				);
				GCC_WARN_64_TO_32_BIT_CONVERSION = YES;
				GCC_WARN_ABOUT_RETURN_TYPE = YES_ERROR;
				GCC_WARN_UNDECLARED_SELECTOR = YES;
				GCC_WARN_UNINITIALIZED_AUTOS = YES_AGGRESSIVE;
				GCC_WARN_UNUSED_FUNCTION = YES;
				GCC_WARN_UNUSED_VARIABLE = YES;
				IPHONEOS_DEPLOYMENT_TARGET = 9.0;
				MTL_ENABLE_DEBUG_INFO = YES;
				ONLY_ACTIVE_ARCH = YES;
				SDKROOT = iphoneos;
				SWIFT_OPTIMIZATION_LEVEL = "-Onone";
				TARGETED_DEVICE_FAMILY = "1,2";
			};
			name = Debug;
		};
		AC73FEF21B9AB9B100FABBFA /* Release */ = {
			isa = XCBuildConfiguration;
			buildSettings = {
				ALWAYS_SEARCH_USER_PATHS = NO;
				CLANG_CXX_LANGUAGE_STANDARD = "gnu++0x";
				CLANG_CXX_LIBRARY = "libc++";
				CLANG_ENABLE_MODULES = YES;
				CLANG_ENABLE_OBJC_ARC = YES;
				CLANG_WARN_BOOL_CONVERSION = YES;
				CLANG_WARN_CONSTANT_CONVERSION = YES;
				CLANG_WARN_DIRECT_OBJC_ISA_USAGE = YES_ERROR;
				CLANG_WARN_EMPTY_BODY = YES;
				CLANG_WARN_ENUM_CONVERSION = YES;
				CLANG_WARN_INT_CONVERSION = YES;
				CLANG_WARN_OBJC_ROOT_CLASS = YES_ERROR;
				CLANG_WARN_UNREACHABLE_CODE = YES;
				CLANG_WARN__DUPLICATE_METHOD_MATCH = YES;
				"CODE_SIGN_IDENTITY[sdk=iphoneos*]" = "iPhone Developer";
				COPY_PHASE_STRIP = NO;
				DEBUG_INFORMATION_FORMAT = "dwarf-with-dsym";
				ENABLE_NS_ASSERTIONS = NO;
				ENABLE_STRICT_OBJC_MSGSEND = YES;
				GCC_C_LANGUAGE_STANDARD = gnu99;
				GCC_NO_COMMON_BLOCKS = YES;
				GCC_WARN_64_TO_32_BIT_CONVERSION = YES;
				GCC_WARN_ABOUT_RETURN_TYPE = YES_ERROR;
				GCC_WARN_UNDECLARED_SELECTOR = YES;
				GCC_WARN_UNINITIALIZED_AUTOS = YES_AGGRESSIVE;
				GCC_WARN_UNUSED_FUNCTION = YES;
				GCC_WARN_UNUSED_VARIABLE = YES;
				IPHONEOS_DEPLOYMENT_TARGET = 9.0;
				MTL_ENABLE_DEBUG_INFO = NO;
				SDKROOT = iphoneos;
				TARGETED_DEVICE_FAMILY = "1,2";
				VALIDATE_PRODUCT = YES;
			};
			name = Release;
		};
		AC73FEF41B9AB9B100FABBFA /* Debug */ = {
			isa = XCBuildConfiguration;
			buildSettings = {
				ASSETCATALOG_COMPILER_APPICON_NAME = AppIcon;
				INFOPLIST_FILE = Friendbook/Info.plist;
				LD_RUNPATH_SEARCH_PATHS = "$(inherited) @executable_path/Frameworks";
				PRODUCT_BUNDLE_IDENTIFIER = com.digitalmirko.Friendbook;
				PRODUCT_NAME = "$(TARGET_NAME)";
			};
			name = Debug;
		};
		AC73FEF51B9AB9B100FABBFA /* Release */ = {
			isa = XCBuildConfiguration;
			buildSettings = {
				ASSETCATALOG_COMPILER_APPICON_NAME = AppIcon;
				INFOPLIST_FILE = Friendbook/Info.plist;
				LD_RUNPATH_SEARCH_PATHS = "$(inherited) @executable_path/Frameworks";
				PRODUCT_BUNDLE_IDENTIFIER = com.digitalmirko.Friendbook;
				PRODUCT_NAME = "$(TARGET_NAME)";
			};
			name = Release;
		};
/* End XCBuildConfiguration section */

/* Begin XCConfigurationList section */
		AC73FEDC1B9AB9B100FABBFA /* Build configuration list for PBXProject "Friendbook" */ = {
			isa = XCConfigurationList;
			buildConfigurations = (
				AC73FEF11B9AB9B100FABBFA /* Debug */,
				AC73FEF21B9AB9B100FABBFA /* Release */,
			);
			defaultConfigurationIsVisible = 0;
			defaultConfigurationName = Release;
		};
		AC73FEF31B9AB9B100FABBFA /* Build configuration list for PBXNativeTarget "Friendbook" */ = {
			isa = XCConfigurationList;
			buildConfigurations = (
				AC73FEF41B9AB9B100FABBFA /* Debug */,
				AC73FEF51B9AB9B100FABBFA /* Release */,
			);
			defaultConfigurationIsVisible = 0;
		};
/* End XCConfigurationList section */
	};
	rootObject = AC73FED91B9AB9B100FABBFA /* Project object */;
}
